
Microsoft Visual Studio Solution File, Format Version 12.00
# Visual Studio 2013
VisualStudioVersion = 12.0.30501.0
MinimumVisualStudioVersion = 10.0.40219.1
Project("{8BC9CEB8-8B4A-11D0-8D11-00A0C91BC942}") = "计算物体自由下落的距离", "计算物体自由下落的距离\计算物体自由下落的距离.vcxproj", "{3D18CF59-08E6-42E5-94A2-F26353994091}"
EndProject
Global
	GlobalSection(SolutionConfigurationPlatforms) = preSolution
		Debug|Win32 = Debug|Win32
		Release|Win32 = Release|Win32
	EndGlobalSection
	GlobalSection(ProjectConfigurationPlatforms) = postSolution
		{3D18CF59-08E6-42E5-94A2-F26353994091}.Debug|Win32.ActiveCfg = Debug|Win32
		{3D18CF59-08E6-42E5-94A2-F26353994091}.Debug|Win32.Build.0 = Debug|Win32
		{3D18CF59-08E6-42E5-94A2-F26353994091}.Release|Win32.ActiveCfg = Release|Win32
		{3D18CF59-08E6-42E5-94A2-F26353994091}.Release|Win32.Build.0 = Release|Win32
	EndGlobalSection
	GlobalSection(SolutionProperties) = preSolution
		HideSolutionNode = FALSE
	EndGlobalSection
EndGlobal
