
Microsoft Visual Studio Solution File, Format Version 12.00
# Visual Studio 2013
VisualStudioVersion = 12.0.30501.0
MinimumVisualStudioVersion = 10.0.40219.1
Project("{8BC9CEB8-8B4A-11D0-8D11-00A0C91BC942}") = "求整数的位数及各位数字之和", "求整数的位数及各位数字之和\求整数的位数及各位数字之和.vcxproj", "{43CF1EB1-44F7-4004-A81C-044B558ED75B}"
EndProject
Global
	GlobalSection(SolutionConfigurationPlatforms) = preSolution
		Debug|Win32 = Debug|Win32
		Release|Win32 = Release|Win32
	EndGlobalSection
	GlobalSection(ProjectConfigurationPlatforms) = postSolution
		{43CF1EB1-44F7-4004-A81C-044B558ED75B}.Debug|Win32.ActiveCfg = Debug|Win32
		{43CF1EB1-44F7-4004-A81C-044B558ED75B}.Debug|Win32.Build.0 = Debug|Win32
		{43CF1EB1-44F7-4004-A81C-044B558ED75B}.Release|Win32.ActiveCfg = Release|Win32
		{43CF1EB1-44F7-4004-A81C-044B558ED75B}.Release|Win32.Build.0 = Release|Win32
	EndGlobalSection
	GlobalSection(SolutionProperties) = preSolution
		HideSolutionNode = FALSE
	EndGlobalSection
EndGlobal
